
Microsoft Visual Studio Solution File, Format Version 12.00
# Visual Studio Version 16
VisualStudioVersion = 16.0.31229.75
MinimumVisualStudioVersion = 10.0.40219.1
Project("{FAE04EC0-301F-11D3-BF4B-00C04F79EFBC}") = "Trabalho Bimestral Carro", "Trabalho Bimestral Carro\Trabalho Bimestral Carro.csproj", "{9B269CDF-B9A9-4152-A82E-0BE8299ED4ED}"
EndProject
Project("{FAE04EC0-301F-11D3-BF4B-00C04F79EFBC}") = "Modelo", "Modelo\Modelo.csproj", "{97784DA3-1C89-4B13-B6AD-350E088D637C}"
EndProject
Global
	GlobalSection(SolutionConfigurationPlatforms) = preSolution
		Debug|Any CPU = Debug|Any CPU
		Release|Any CPU = Release|Any CPU
	EndGlobalSection
	GlobalSection(ProjectConfigurationPlatforms) = postSolution
		{9B269CDF-B9A9-4152-A82E-0BE8299ED4ED}.Debug|Any CPU.ActiveCfg = Debug|Any CPU
		{9B269CDF-B9A9-4152-A82E-0BE8299ED4ED}.Debug|Any CPU.Build.0 = Debug|Any CPU
		{9B269CDF-B9A9-4152-A82E-0BE8299ED4ED}.Release|Any CPU.ActiveCfg = Release|Any CPU
		{9B269CDF-B9A9-4152-A82E-0BE8299ED4ED}.Release|Any CPU.Build.0 = Release|Any CPU
		{97784DA3-1C89-4B13-B6AD-350E088D637C}.Debug|Any CPU.ActiveCfg = Debug|Any CPU
		{97784DA3-1C89-4B13-B6AD-350E088D637C}.Debug|Any CPU.Build.0 = Debug|Any CPU
		{97784DA3-1C89-4B13-B6AD-350E088D637C}.Release|Any CPU.ActiveCfg = Release|Any CPU
		{97784DA3-1C89-4B13-B6AD-350E088D637C}.Release|Any CPU.Build.0 = Release|Any CPU
	EndGlobalSection
	GlobalSection(SolutionProperties) = preSolution
		HideSolutionNode = FALSE
	EndGlobalSection
	GlobalSection(ExtensibilityGlobals) = postSolution
		SolutionGuid = {DC817EAB-D8B4-4679-9A62-A8F07C83A22B}
	EndGlobalSection
EndGlobal
